
Microsoft Visual Studio Solution File, Format Version 12.00
# Visual Studio Version 17
VisualStudioVersion = 17.1.32414.318
MinimumVisualStudioVersion = 10.0.40219.1
Project("{9A19103F-16F7-4668-BE54-9A1E7A4F7556}") = "FluentBdd.Net", "src\FluentBdd.Net\FluentBdd.Net.csproj", "{A8C5B4AA-43D6-4D80-B81F-6517F49D7117}"
EndProject
Project("{9A19103F-16F7-4668-BE54-9A1E7A4F7556}") = "FluentBdd.Net.Tests", "tests\FluentBdd.Net.Tests\FluentBdd.Net.Tests.csproj", "{BD766E01-9892-415C-900B-EF0A5F8D6C87}"
EndProject
Project("{2150E333-8FDC-42A3-9474-1A3956D46DE8}") = "Solution Items", "Solution Items", "{BB504E61-8099-4F6D-89AB-D239121C0564}"
	ProjectSection(SolutionItems) = preProject
		.editorconfig = .editorconfig
	EndProjectSection
EndProject
Global
	GlobalSection(SolutionConfigurationPlatforms) = preSolution
		Debug|Any CPU = Debug|Any CPU
		Release|Any CPU = Release|Any CPU
	EndGlobalSection
	GlobalSection(ProjectConfigurationPlatforms) = postSolution
		{A8C5B4AA-43D6-4D80-B81F-6517F49D7117}.Debug|Any CPU.ActiveCfg = Debug|Any CPU
		{A8C5B4AA-43D6-4D80-B81F-6517F49D7117}.Debug|Any CPU.Build.0 = Debug|Any CPU
		{A8C5B4AA-43D6-4D80-B81F-6517F49D7117}.Release|Any CPU.ActiveCfg = Release|Any CPU
		{A8C5B4AA-43D6-4D80-B81F-6517F49D7117}.Release|Any CPU.Build.0 = Release|Any CPU
		{BD766E01-9892-415C-900B-EF0A5F8D6C87}.Debug|Any CPU.ActiveCfg = Debug|Any CPU
		{BD766E01-9892-415C-900B-EF0A5F8D6C87}.Debug|Any CPU.Build.0 = Debug|Any CPU
		{BD766E01-9892-415C-900B-EF0A5F8D6C87}.Release|Any CPU.ActiveCfg = Release|Any CPU
		{BD766E01-9892-415C-900B-EF0A5F8D6C87}.Release|Any CPU.Build.0 = Release|Any CPU
	EndGlobalSection
	GlobalSection(SolutionProperties) = preSolution
		HideSolutionNode = FALSE
	EndGlobalSection
	GlobalSection(ExtensibilityGlobals) = postSolution
		SolutionGuid = {7B21EC81-9877-422B-A3E1-60A1E831ECAC}
	EndGlobalSection
EndGlobal
